{
    "name": "serverless-custom-cloudformation-resource-test1",
    "version": "1.0.0",
    "lockfileVersion": 1,
    "requires": true,
    "dependencies": {
        "cfn-custom-resource": {
            "version": "4.0.11",
            "resolved": "https://registry.npmjs.org/cfn-custom-resource/-/cfn-custom-resource-4.0.11.tgz",
            "integrity": "sha512-wm4Jc3C1OygdfAmRBoNnZU4BWswoh+SZE4dA6VZifFX5uyrB2h8mutPPZJQ8TsD9ZXydCtzlkRDmdOk08A+Qyg=="
        }
    }
}
